// !$*UTF8*$!
{
	archiveVersion = 1;
	classes = {
	};
	objectVersion = 50;
	objects = {

/* Begin PBXBuildFile section */
		674B38AD990C56437589766B /* Pods_groby.framework in Frameworks */ = {isa = PBXBuildFile; fileRef = 60DAA172196E4371D37432EA /* Pods_groby.framework */; };
		8322A7F5211F64E00028504D /* tap4.storyboard in Resources */ = {isa = PBXBuildFile; fileRef = 8322A7F4211F64E00028504D /* tap4.storyboard */; };
		8382CAD8212803EC0051ECCE /* 비밀번호확인ViewController.swift in Sources */ = {isa = PBXBuildFile; fileRef = 8382CAD7212803EC0051ECCE /* 비밀번호확인ViewController.swift */; };
		8382CADA212804F70051ECCE /* 비밀번호변경ViewController.swift in Sources */ = {isa = PBXBuildFile; fileRef = 8382CAD9212804F70051ECCE /* 비밀번호변경ViewController.swift */; };
		8382CADC2128060A0051ECCE /* MyPage.storyboard in Resources */ = {isa = PBXBuildFile; fileRef = 8382CADB2128060A0051ECCE /* MyPage.storyboard */; };
		8382CADE21280DD10051ECCE /* 내용작성ViewController.swift in Sources */ = {isa = PBXBuildFile; fileRef = 8382CADD21280DD10051ECCE /* 내용작성ViewController.swift */; };
		8382CAE021280FBD0051ECCE /* 미리보기ViewController.swift in Sources */ = {isa = PBXBuildFile; fileRef = 8382CADF21280FBD0051ECCE /* 미리보기ViewController.swift */; };
		83A47E6E2127F185006B70EC /* MyPageTableViewController.swift in Sources */ = {isa = PBXBuildFile; fileRef = 83A47E6D2127F185006B70EC /* MyPageTableViewController.swift */; };
		AA16A56A211DE20C00A1A4DD /* Menu.storyboard in Resources */ = {isa = PBXBuildFile; fileRef = AA16A569211DE20C00A1A4DD /* Menu.storyboard */; };
		AA16A56E211DFC3200A1A4DD /* MenuViewController.swift in Sources */ = {isa = PBXBuildFile; fileRef = AA16A56D211DFC3200A1A4DD /* MenuViewController.swift */; };
		AA16A57A211E0AEE00A1A4DD /* DummyTableViewCell.swift in Sources */ = {isa = PBXBuildFile; fileRef = AA16A579211E0AEE00A1A4DD /* DummyTableViewCell.swift */; };
		AA16A57C211E0B0200A1A4DD /* DummyCollectionViewCell.swift in Sources */ = {isa = PBXBuildFile; fileRef = AA16A57B211E0B0200A1A4DD /* DummyCollectionViewCell.swift */; };
		AA9A105E211F38E400B4A222 /* Alarm.storyboard in Resources */ = {isa = PBXBuildFile; fileRef = AA9A105D211F38E400B4A222 /* Alarm.storyboard */; };
		AA9A1060211F390300B4A222 /* AlarmViewController.swift in Sources */ = {isa = PBXBuildFile; fileRef = AA9A105F211F390300B4A222 /* AlarmViewController.swift */; };
		AA9A1063211F416F00B4A222 /* AlarmViewCell.swift in Sources */ = {isa = PBXBuildFile; fileRef = AA9A1062211F416F00B4A222 /* AlarmViewCell.swift */; };
		AA9A1066211F4FC700B4A222 /* Search.storyboard in Resources */ = {isa = PBXBuildFile; fileRef = AA9A1065211F4FC700B4A222 /* Search.storyboard */; };
		AA9A1068211F4FD900B4A222 /* SearchViewController.swift in Sources */ = {isa = PBXBuildFile; fileRef = AA9A1067211F4FD900B4A222 /* SearchViewController.swift */; };
		C2388E7C212446E40010AAD1 /* MyPostTableViewController.swift in Sources */ = {isa = PBXBuildFile; fileRef = C2388E79212446E30010AAD1 /* MyPostTableViewController.swift */; };
		C2388E7D212446E40010AAD1 /* Post.swift in Sources */ = {isa = PBXBuildFile; fileRef = C2388E7A212446E30010AAD1 /* Post.swift */; };
		C2388E7E212446E40010AAD1 /* PostTableViewCell.swift in Sources */ = {isa = PBXBuildFile; fileRef = C2388E7B212446E30010AAD1 /* PostTableViewCell.swift */; };
		C24A4A232128021500406733 /* JoinedPostTableViewController.swift in Sources */ = {isa = PBXBuildFile; fileRef = C24A4A222128021500406733 /* JoinedPostTableViewController.swift */; };
		EF476949211F5F9000561AD4 /* NavigationItem+Extension.swift in Sources */ = {isa = PBXBuildFile; fileRef = EF476948211F5F9000561AD4 /* NavigationItem+Extension.swift */; };
		EF47694B211F6B6500561AD4 /* PHAssets+Extension.swift in Sources */ = {isa = PBXBuildFile; fileRef = EF47694A211F6B6500561AD4 /* PHAssets+Extension.swift */; };
		EF5E1D1521270876004A9A42 /* Bank.storyboard in Resources */ = {isa = PBXBuildFile; fileRef = EF5E1D1421270876004A9A42 /* Bank.storyboard */; };
		EF5E1D1721270AE6004A9A42 /* BankViewController.swift in Sources */ = {isa = PBXBuildFile; fileRef = EF5E1D1621270AE6004A9A42 /* BankViewController.swift */; };
		EF5E1D192127EB59004A9A42 /* GoogleService-Info.plist in Resources */ = {isa = PBXBuildFile; fileRef = EF5E1D182127EB59004A9A42 /* GoogleService-Info.plist */; };
		EFAAA9CC211486E50013F360 /* AppDelegate.swift in Sources */ = {isa = PBXBuildFile; fileRef = EFAAA9CB211486E50013F360 /* AppDelegate.swift */; };
		EFAAA9CE211486E50013F360 /* ViewController.swift in Sources */ = {isa = PBXBuildFile; fileRef = EFAAA9CD211486E50013F360 /* ViewController.swift */; };
		EFAAA9D1211486E50013F360 /* Main.storyboard in Resources */ = {isa = PBXBuildFile; fileRef = EFAAA9CF211486E50013F360 /* Main.storyboard */; };
		EFAAA9D4211486E50013F360 /* groby.xcdatamodeld in Sources */ = {isa = PBXBuildFile; fileRef = EFAAA9D2211486E50013F360 /* groby.xcdatamodeld */; };
		EFAAA9D6211486E60013F360 /* Assets.xcassets in Resources */ = {isa = PBXBuildFile; fileRef = EFAAA9D5211486E60013F360 /* Assets.xcassets */; };
		EFAAA9D9211486E60013F360 /* LaunchScreen.storyboard in Resources */ = {isa = PBXBuildFile; fileRef = EFAAA9D7211486E60013F360 /* LaunchScreen.storyboard */; };
		EFAAA9E221148B640013F360 /* UIColor+Styleguide.swift in Sources */ = {isa = PBXBuildFile; fileRef = EFAAA9E121148B640013F360 /* UIColor+Styleguide.swift */; };
		EFAAA9E421148DC80013F360 /* Login.storyboard in Resources */ = {isa = PBXBuildFile; fileRef = EFAAA9E321148DC80013F360 /* Login.storyboard */; };
		EFAAA9E821148E800013F360 /* LoginTextField.swift in Sources */ = {isa = PBXBuildFile; fileRef = EFAAA9E721148E800013F360 /* LoginTextField.swift */; };
		EFAAA9EA211491E00013F360 /* LoginMainViewController.swift in Sources */ = {isa = PBXBuildFile; fileRef = EFAAA9E9211491E00013F360 /* LoginMainViewController.swift */; };
		EFAAA9EC2114978B0013F360 /* BlueButton.swift in Sources */ = {isa = PBXBuildFile; fileRef = EFAAA9EB2114978B0013F360 /* BlueButton.swift */; };
		EFAAA9EE211548800013F360 /* JoinFirstViewController.swift in Sources */ = {isa = PBXBuildFile; fileRef = EFAAA9ED211548800013F360 /* JoinFirstViewController.swift */; };
		EFAAA9F02115488C0013F360 /* JoinSecondViewController.swift in Sources */ = {isa = PBXBuildFile; fileRef = EFAAA9EF2115488C0013F360 /* JoinSecondViewController.swift */; };
		EFE7D362211F37A700C909FD /* MakeTab1FirstViewController.swift in Sources */ = {isa = PBXBuildFile; fileRef = EFE7D361211F37A700C909FD /* MakeTab1FirstViewController.swift */; };
		EFE7D364211F3C0F00C909FD /* MakeTap1.storyboard in Resources */ = {isa = PBXBuildFile; fileRef = EFE7D363211F3C0F00C909FD /* MakeTap1.storyboard */; };
		EFE7D366211F3E3F00C909FD /* CategoryTableViewCell.swift in Sources */ = {isa = PBXBuildFile; fileRef = EFE7D365211F3E3E00C909FD /* CategoryTableViewCell.swift */; };
		EFE7D368211F404000C909FD /* MakeTab1SecondViewController.swift in Sources */ = {isa = PBXBuildFile; fileRef = EFE7D367211F403F00C909FD /* MakeTab1SecondViewController.swift */; };
		EFE7D36A211F48A900C909FD /* MakeTab1ThirdTableTableViewController.swift in Sources */ = {isa = PBXBuildFile; fileRef = EFE7D369211F48A900C909FD /* MakeTab1ThirdTableTableViewController.swift */; };
		EFE7D36C211F4DEA00C909FD /* MakeTab1FourthViewController.swift in Sources */ = {isa = PBXBuildFile; fileRef = EFE7D36B211F4DEA00C909FD /* MakeTab1FourthViewController.swift */; };
/* End PBXBuildFile section */

/* Begin PBXFileReference section */
		60DAA172196E4371D37432EA /* Pods_groby.framework */ = {isa = PBXFileReference; explicitFileType = wrapper.framework; includeInIndex = 0; path = Pods_groby.framework; sourceTree = BUILT_PRODUCTS_DIR; };
		8322A7F4211F64E00028504D /* tap4.storyboard */ = {isa = PBXFileReference; lastKnownFileType = file.storyboard; path = tap4.storyboard; sourceTree = "<group>"; };
		8382CAD7212803EC0051ECCE /* 비밀번호확인ViewController.swift */ = {isa = PBXFileReference; lastKnownFileType = sourcecode.swift; path = "비밀번호확인ViewController.swift"; sourceTree = "<group>"; };
		8382CAD9212804F70051ECCE /* 비밀번호변경ViewController.swift */ = {isa = PBXFileReference; lastKnownFileType = sourcecode.swift; path = "비밀번호변경ViewController.swift"; sourceTree = "<group>"; };
		8382CADB2128060A0051ECCE /* MyPage.storyboard */ = {isa = PBXFileReference; fileEncoding = 4; lastKnownFileType = file.storyboard; path = MyPage.storyboard; sourceTree = "<group>"; };
		8382CADD21280DD10051ECCE /* 내용작성ViewController.swift */ = {isa = PBXFileReference; lastKnownFileType = sourcecode.swift; path = "내용작성ViewController.swift"; sourceTree = "<group>"; };
		8382CADF21280FBD0051ECCE /* 미리보기ViewController.swift */ = {isa = PBXFileReference; lastKnownFileType = sourcecode.swift; path = "미리보기ViewController.swift"; sourceTree = "<group>"; };
		83A47E6D2127F185006B70EC /* MyPageTableViewController.swift */ = {isa = PBXFileReference; lastKnownFileType = sourcecode.swift; path = MyPageTableViewController.swift; sourceTree = "<group>"; };
		AA16A569211DE20C00A1A4DD /* Menu.storyboard */ = {isa = PBXFileReference; lastKnownFileType = file.storyboard; path = Menu.storyboard; sourceTree = "<group>"; };
		AA16A56D211DFC3200A1A4DD /* MenuViewController.swift */ = {isa = PBXFileReference; lastKnownFileType = sourcecode.swift; path = MenuViewController.swift; sourceTree = "<group>"; };
		AA16A579211E0AEE00A1A4DD /* DummyTableViewCell.swift */ = {isa = PBXFileReference; lastKnownFileType = sourcecode.swift; path = DummyTableViewCell.swift; sourceTree = "<group>"; };
		AA16A57B211E0B0200A1A4DD /* DummyCollectionViewCell.swift */ = {isa = PBXFileReference; lastKnownFileType = sourcecode.swift; path = DummyCollectionViewCell.swift; sourceTree = "<group>"; };
		AA9A105D211F38E400B4A222 /* Alarm.storyboard */ = {isa = PBXFileReference; lastKnownFileType = file.storyboard; path = Alarm.storyboard; sourceTree = "<group>"; };
		AA9A105F211F390300B4A222 /* AlarmViewController.swift */ = {isa = PBXFileReference; lastKnownFileType = sourcecode.swift; path = AlarmViewController.swift; sourceTree = "<group>"; };
		AA9A1062211F416F00B4A222 /* AlarmViewCell.swift */ = {isa = PBXFileReference; lastKnownFileType = sourcecode.swift; path = AlarmViewCell.swift; sourceTree = "<group>"; };
		AA9A1065211F4FC700B4A222 /* Search.storyboard */ = {isa = PBXFileReference; lastKnownFileType = file.storyboard; path = Search.storyboard; sourceTree = "<group>"; };
		AA9A1067211F4FD900B4A222 /* SearchViewController.swift */ = {isa = PBXFileReference; lastKnownFileType = sourcecode.swift; path = SearchViewController.swift; sourceTree = "<group>"; };
		C2388E79212446E30010AAD1 /* MyPostTableViewController.swift */ = {isa = PBXFileReference; fileEncoding = 4; lastKnownFileType = sourcecode.swift; path = MyPostTableViewController.swift; sourceTree = "<group>"; };
		C2388E7A212446E30010AAD1 /* Post.swift */ = {isa = PBXFileReference; fileEncoding = 4; lastKnownFileType = sourcecode.swift; path = Post.swift; sourceTree = "<group>"; };
		C2388E7B212446E30010AAD1 /* PostTableViewCell.swift */ = {isa = PBXFileReference; fileEncoding = 4; lastKnownFileType = sourcecode.swift; path = PostTableViewCell.swift; sourceTree = "<group>"; };
		C24A4A222128021500406733 /* JoinedPostTableViewController.swift */ = {isa = PBXFileReference; lastKnownFileType = sourcecode.swift; path = JoinedPostTableViewController.swift; sourceTree = "<group>"; };
		DC3D5B3B9BC0FF54D2894DA3 /* Pods-groby.release.xcconfig */ = {isa = PBXFileReference; includeInIndex = 1; lastKnownFileType = text.xcconfig; name = "Pods-groby.release.xcconfig"; path = "Pods/Target Support Files/Pods-groby/Pods-groby.release.xcconfig"; sourceTree = "<group>"; };
		DEE1F800EAECA1E69758F16F /* Pods-groby.debug.xcconfig */ = {isa = PBXFileReference; includeInIndex = 1; lastKnownFileType = text.xcconfig; name = "Pods-groby.debug.xcconfig"; path = "Pods/Target Support Files/Pods-groby/Pods-groby.debug.xcconfig"; sourceTree = "<group>"; };
		EF476948211F5F9000561AD4 /* NavigationItem+Extension.swift */ = {isa = PBXFileReference; lastKnownFileType = sourcecode.swift; path = "NavigationItem+Extension.swift"; sourceTree = "<group>"; };
		EF47694A211F6B6500561AD4 /* PHAssets+Extension.swift */ = {isa = PBXFileReference; lastKnownFileType = sourcecode.swift; path = "PHAssets+Extension.swift"; sourceTree = "<group>"; };
		EF5E1D1421270876004A9A42 /* Bank.storyboard */ = {isa = PBXFileReference; lastKnownFileType = file.storyboard; path = Bank.storyboard; sourceTree = "<group>"; };
		EF5E1D1621270AE6004A9A42 /* BankViewController.swift */ = {isa = PBXFileReference; lastKnownFileType = sourcecode.swift; path = BankViewController.swift; sourceTree = "<group>"; };
		EF5E1D182127EB59004A9A42 /* GoogleService-Info.plist */ = {isa = PBXFileReference; fileEncoding = 4; lastKnownFileType = text.plist.xml; path = "GoogleService-Info.plist"; sourceTree = "<group>"; };
		EFAAA9C8211486E50013F360 /* groby.app */ = {isa = PBXFileReference; explicitFileType = wrapper.application; includeInIndex = 0; path = groby.app; sourceTree = BUILT_PRODUCTS_DIR; };
		EFAAA9CB211486E50013F360 /* AppDelegate.swift */ = {isa = PBXFileReference; lastKnownFileType = sourcecode.swift; path = AppDelegate.swift; sourceTree = "<group>"; };
		EFAAA9CD211486E50013F360 /* ViewController.swift */ = {isa = PBXFileReference; lastKnownFileType = sourcecode.swift; path = ViewController.swift; sourceTree = "<group>"; };
		EFAAA9D0211486E50013F360 /* Base */ = {isa = PBXFileReference; lastKnownFileType = file.storyboard; name = Base; path = Base.lproj/Main.storyboard; sourceTree = "<group>"; };
		EFAAA9D3211486E50013F360 /* groby.xcdatamodel */ = {isa = PBXFileReference; lastKnownFileType = wrapper.xcdatamodel; path = groby.xcdatamodel; sourceTree = "<group>"; };
		EFAAA9D5211486E60013F360 /* Assets.xcassets */ = {isa = PBXFileReference; lastKnownFileType = folder.assetcatalog; path = Assets.xcassets; sourceTree = "<group>"; };
		EFAAA9D8211486E60013F360 /* Base */ = {isa = PBXFileReference; lastKnownFileType = file.storyboard; name = Base; path = Base.lproj/LaunchScreen.storyboard; sourceTree = "<group>"; };
		EFAAA9DA211486E60013F360 /* Info.plist */ = {isa = PBXFileReference; lastKnownFileType = text.plist.xml; path = Info.plist; sourceTree = "<group>"; };
		EFAAA9E121148B640013F360 /* UIColor+Styleguide.swift */ = {isa = PBXFileReference; lastKnownFileType = sourcecode.swift; path = "UIColor+Styleguide.swift"; sourceTree = "<group>"; };
		EFAAA9E321148DC80013F360 /* Login.storyboard */ = {isa = PBXFileReference; lastKnownFileType = file.storyboard; path = Login.storyboard; sourceTree = "<group>"; };
		EFAAA9E721148E800013F360 /* LoginTextField.swift */ = {isa = PBXFileReference; lastKnownFileType = sourcecode.swift; path = LoginTextField.swift; sourceTree = "<group>"; };
		EFAAA9E9211491E00013F360 /* LoginMainViewController.swift */ = {isa = PBXFileReference; lastKnownFileType = sourcecode.swift; path = LoginMainViewController.swift; sourceTree = "<group>"; };
		EFAAA9EB2114978B0013F360 /* BlueButton.swift */ = {isa = PBXFileReference; lastKnownFileType = sourcecode.swift; path = BlueButton.swift; sourceTree = "<group>"; };
		EFAAA9ED211548800013F360 /* JoinFirstViewController.swift */ = {isa = PBXFileReference; lastKnownFileType = sourcecode.swift; path = JoinFirstViewController.swift; sourceTree = "<group>"; };
		EFAAA9EF2115488C0013F360 /* JoinSecondViewController.swift */ = {isa = PBXFileReference; lastKnownFileType = sourcecode.swift; path = JoinSecondViewController.swift; sourceTree = "<group>"; };
		EFE7D361211F37A700C909FD /* MakeTab1FirstViewController.swift */ = {isa = PBXFileReference; lastKnownFileType = sourcecode.swift; path = MakeTab1FirstViewController.swift; sourceTree = "<group>"; };
		EFE7D363211F3C0F00C909FD /* MakeTap1.storyboard */ = {isa = PBXFileReference; lastKnownFileType = file.storyboard; path = MakeTap1.storyboard; sourceTree = "<group>"; };
		EFE7D365211F3E3E00C909FD /* CategoryTableViewCell.swift */ = {isa = PBXFileReference; lastKnownFileType = sourcecode.swift; path = CategoryTableViewCell.swift; sourceTree = "<group>"; };
		EFE7D367211F403F00C909FD /* MakeTab1SecondViewController.swift */ = {isa = PBXFileReference; lastKnownFileType = sourcecode.swift; path = MakeTab1SecondViewController.swift; sourceTree = "<group>"; };
		EFE7D369211F48A900C909FD /* MakeTab1ThirdTableTableViewController.swift */ = {isa = PBXFileReference; lastKnownFileType = sourcecode.swift; path = MakeTab1ThirdTableTableViewController.swift; sourceTree = "<group>"; };
		EFE7D36B211F4DEA00C909FD /* MakeTab1FourthViewController.swift */ = {isa = PBXFileReference; lastKnownFileType = sourcecode.swift; path = MakeTab1FourthViewController.swift; sourceTree = "<group>"; };
/* End PBXFileReference section */

/* Begin PBXFrameworksBuildPhase section */
		EFAAA9C5211486E50013F360 /* Frameworks */ = {
			isa = PBXFrameworksBuildPhase;
			buildActionMask = 2147483647;
			files = (
				674B38AD990C56437589766B /* Pods_groby.framework in Frameworks */,
			);
			runOnlyForDeploymentPostprocessing = 0;
		};
/* End PBXFrameworksBuildPhase section */

/* Begin PBXGroup section */
		4D8669D821183BC300862B9A /* Main */ = {
			isa = PBXGroup;
			children = (
				AA16A578211E0AD700A1A4DD /* Dummy */,
				EFAAA9CD211486E50013F360 /* ViewController.swift */,
				EFAAA9CF211486E50013F360 /* Main.storyboard */,
			);
			name = Main;
			sourceTree = "<group>";
		};
		80E691FC6D7228266E6625FA /* Pods */ = {
			isa = PBXGroup;
			children = (
				DEE1F800EAECA1E69758F16F /* Pods-groby.debug.xcconfig */,
				DC3D5B3B9BC0FF54D2894DA3 /* Pods-groby.release.xcconfig */,
			);
			name = Pods;
			sourceTree = "<group>";
		};
		8322A7F3211F64C10028504D /* Tap4 */ = {
			isa = PBXGroup;
			children = (
				EF0C971621270831003F63F9 /* MakeTap2 */,
				8322A7F4211F64E00028504D /* tap4.storyboard */,
				8382CADD21280DD10051ECCE /* 내용작성ViewController.swift */,
				8382CADF21280FBD0051ECCE /* 미리보기ViewController.swift */,
			);
			name = Tap4;
			sourceTree = "<group>";
		};
		83F4A5D92127F03A008C50C1 /* MyPage */ = {
			isa = PBXGroup;
			children = (
				8382CADB2128060A0051ECCE /* MyPage.storyboard */,
				8382CAD7212803EC0051ECCE /* 비밀번호확인ViewController.swift */,
				8382CAD9212804F70051ECCE /* 비밀번호변경ViewController.swift */,
				83A47E6D2127F185006B70EC /* MyPageTableViewController.swift */,
			);
			name = MyPage;
			sourceTree = "<group>";
		};
		93F4BDCC8BBB338D11A4ACC2 /* Frameworks */ = {
			isa = PBXGroup;
			children = (
				60DAA172196E4371D37432EA /* Pods_groby.framework */,
			);
			name = Frameworks;
			sourceTree = "<group>";
		};
		AA16A568211DE1EF00A1A4DD /* Menu */ = {
			isa = PBXGroup;
			children = (
				AA16A569211DE20C00A1A4DD /* Menu.storyboard */,
				AA16A56D211DFC3200A1A4DD /* MenuViewController.swift */,
				C2388E79212446E30010AAD1 /* MyPostTableViewController.swift */,
				C24A4A222128021500406733 /* JoinedPostTableViewController.swift */,
				C2388E7B212446E30010AAD1 /* PostTableViewCell.swift */,
				C2388E7A212446E30010AAD1 /* Post.swift */,
			);
			name = Menu;
			sourceTree = "<group>";
		};
		AA16A578211E0AD700A1A4DD /* Dummy */ = {
			isa = PBXGroup;
			children = (
				AA16A579211E0AEE00A1A4DD /* DummyTableViewCell.swift */,
				AA16A57B211E0B0200A1A4DD /* DummyCollectionViewCell.swift */,
			);
			name = Dummy;
			sourceTree = "<group>";
		};
		AA9A105C211F36E100B4A222 /* Alarm */ = {
			isa = PBXGroup;
			children = (
				AA9A1061211F416000B4A222 /* View */,
				AA9A105F211F390300B4A222 /* AlarmViewController.swift */,
			);
			name = Alarm;
			sourceTree = "<group>";
		};
		AA9A1061211F416000B4A222 /* View */ = {
			isa = PBXGroup;
			children = (
				AA9A105D211F38E400B4A222 /* Alarm.storyboard */,
				AA9A1062211F416F00B4A222 /* AlarmViewCell.swift */,
			);
			name = View;
			sourceTree = "<group>";
		};
		AA9A1064211F4FB500B4A222 /* Search */ = {
			isa = PBXGroup;
			children = (
				AA9A1065211F4FC700B4A222 /* Search.storyboard */,
				AA9A1067211F4FD900B4A222 /* SearchViewController.swift */,
			);
			name = Search;
			sourceTree = "<group>";
		};
		EF0C971621270831003F63F9 /* MakeTap2 */ = {
			isa = PBXGroup;
			children = (
			);
			name = MakeTap2;
			sourceTree = "<group>";
		};
		EF476947211F5F6F00561AD4 /* Common */ = {
			isa = PBXGroup;
			children = (
				EFAAA9E721148E800013F360 /* LoginTextField.swift */,
				EFAAA9EB2114978B0013F360 /* BlueButton.swift */,
				EF476948211F5F9000561AD4 /* NavigationItem+Extension.swift */,
				EF47694A211F6B6500561AD4 /* PHAssets+Extension.swift */,
			);
			name = Common;
			sourceTree = "<group>";
		};
		EF5E1D1321270861004A9A42 /* Tap2 */ = {
			isa = PBXGroup;
			children = (
				EF5E1D1421270876004A9A42 /* Bank.storyboard */,
				EF5E1D1621270AE6004A9A42 /* BankViewController.swift */,
			);
			name = Tap2;
			sourceTree = "<group>";
		};
		EFAAA9BF211486E40013F360 = {
			isa = PBXGroup;
			children = (
				EFAAA9CA211486E50013F360 /* groby */,
				EFAAA9C9211486E50013F360 /* Products */,
				80E691FC6D7228266E6625FA /* Pods */,
				93F4BDCC8BBB338D11A4ACC2 /* Frameworks */,
			);
			sourceTree = "<group>";
		};
		EFAAA9C9211486E50013F360 /* Products */ = {
			isa = PBXGroup;
			children = (
				EFAAA9C8211486E50013F360 /* groby.app */,
			);
			name = Products;
			sourceTree = "<group>";
		};
		EFAAA9CA211486E50013F360 /* groby */ = {
			isa = PBXGroup;
			children = (
				EF476947211F5F6F00561AD4 /* Common */,
				EFE7D360211F378000C909FD /* Tap1 */,
				EF5E1D1321270861004A9A42 /* Tap2 */,
				8322A7F3211F64C10028504D /* Tap4 */,
				AA9A1064211F4FB500B4A222 /* Search */,
				AA9A105C211F36E100B4A222 /* Alarm */,
				AA16A568211DE1EF00A1A4DD /* Menu */,
				4D8669D821183BC300862B9A /* Main */,
				EFAAA9E621148E080013F360 /* Support */,
				EFAAA9E521148DF00013F360 /* Login */,
				EFAAA9E021148B430013F360 /* Extensions */,
				83F4A5D92127F03A008C50C1 /* MyPage */,
			);
			path = groby;
			sourceTree = "<group>";
		};
		EFAAA9E021148B430013F360 /* Extensions */ = {
			isa = PBXGroup;
			children = (
				EFAAA9E121148B640013F360 /* UIColor+Styleguide.swift */,
			);
			name = Extensions;
			sourceTree = "<group>";
		};
		EFAAA9E521148DF00013F360 /* Login */ = {
			isa = PBXGroup;
			children = (
				EFAAA9E321148DC80013F360 /* Login.storyboard */,
				EFAAA9E9211491E00013F360 /* LoginMainViewController.swift */,
				EFAAA9ED211548800013F360 /* JoinFirstViewController.swift */,
				EFAAA9EF2115488C0013F360 /* JoinSecondViewController.swift */,
			);
			name = Login;
			sourceTree = "<group>";
		};
		EFAAA9E621148E080013F360 /* Support */ = {
			isa = PBXGroup;
			children = (
				EF5E1D182127EB59004A9A42 /* GoogleService-Info.plist */,
				EFAAA9CB211486E50013F360 /* AppDelegate.swift */,
				EFAAA9DA211486E60013F360 /* Info.plist */,
				EFAAA9D7211486E60013F360 /* LaunchScreen.storyboard */,
				EFAAA9D5211486E60013F360 /* Assets.xcassets */,
				EFAAA9D2211486E50013F360 /* groby.xcdatamodeld */,
			);
			name = Support;
			sourceTree = "<group>";
		};
		EFE7D360211F378000C909FD /* Tap1 */ = {
			isa = PBXGroup;
			children = (
				EFE7D365211F3E3E00C909FD /* CategoryTableViewCell.swift */,
				EFE7D361211F37A700C909FD /* MakeTab1FirstViewController.swift */,
				EFE7D367211F403F00C909FD /* MakeTab1SecondViewController.swift */,
				EFE7D369211F48A900C909FD /* MakeTab1ThirdTableTableViewController.swift */,
				EFE7D36B211F4DEA00C909FD /* MakeTab1FourthViewController.swift */,
				EFE7D363211F3C0F00C909FD /* MakeTap1.storyboard */,
			);
			name = Tap1;
			sourceTree = "<group>";
		};
/* End PBXGroup section */

/* Begin PBXNativeTarget section */
		EFAAA9C7211486E50013F360 /* groby */ = {
			isa = PBXNativeTarget;
			buildConfigurationList = EFAAA9DD211486E60013F360 /* Build configuration list for PBXNativeTarget "groby" */;
			buildPhases = (
				BF84C3D37D4173FE26830406 /* [CP] Check Pods Manifest.lock */,
				EFAAA9C4211486E50013F360 /* Sources */,
				EFAAA9C5211486E50013F360 /* Frameworks */,
				EFAAA9C6211486E50013F360 /* Resources */,
				8CDB541DD3FFBABE6ED69BC5 /* [CP] Embed Pods Frameworks */,
			);
			buildRules = (
			);
			dependencies = (
			);
			name = groby;
			productName = groby;
			productReference = EFAAA9C8211486E50013F360 /* groby.app */;
			productType = "com.apple.product-type.application";
		};
/* End PBXNativeTarget section */

/* Begin PBXProject section */
		EFAAA9C0211486E40013F360 /* Project object */ = {
			isa = PBXProject;
			attributes = {
				LastSwiftUpdateCheck = 0940;
				LastUpgradeCheck = 0940;
				ORGANIZATIONNAME = mashup;
				TargetAttributes = {
					EFAAA9C7211486E50013F360 = {
						CreatedOnToolsVersion = 9.4.1;
						LastSwiftMigration = 0930;
					};
				};
			};
			buildConfigurationList = EFAAA9C3211486E40013F360 /* Build configuration list for PBXProject "groby" */;
			compatibilityVersion = "Xcode 9.3";
			developmentRegion = en;
			hasScannedForEncodings = 0;
			knownRegions = (
				en,
				Base,
			);
			mainGroup = EFAAA9BF211486E40013F360;
			productRefGroup = EFAAA9C9211486E50013F360 /* Products */;
			projectDirPath = "";
			projectRoot = "";
			targets = (
				EFAAA9C7211486E50013F360 /* groby */,
			);
		};
/* End PBXProject section */

/* Begin PBXResourcesBuildPhase section */
		EFAAA9C6211486E50013F360 /* Resources */ = {
			isa = PBXResourcesBuildPhase;
			buildActionMask = 2147483647;
			files = (
				EFAAA9E421148DC80013F360 /* Login.storyboard in Resources */,
				EFAAA9D9211486E60013F360 /* LaunchScreen.storyboard in Resources */,
				EFE7D364211F3C0F00C909FD /* MakeTap1.storyboard in Resources */,
				EFAAA9D6211486E60013F360 /* Assets.xcassets in Resources */,
				AA9A105E211F38E400B4A222 /* Alarm.storyboard in Resources */,
				8322A7F5211F64E00028504D /* tap4.storyboard in Resources */,
				8382CADC2128060A0051ECCE /* MyPage.storyboard in Resources */,
				AA16A56A211DE20C00A1A4DD /* Menu.storyboard in Resources */,
				EFAAA9D1211486E50013F360 /* Main.storyboard in Resources */,
				EF5E1D192127EB59004A9A42 /* GoogleService-Info.plist in Resources */,
				AA9A1066211F4FC700B4A222 /* Search.storyboard in Resources */,
				EF5E1D1521270876004A9A42 /* Bank.storyboard in Resources */,
			);
			runOnlyForDeploymentPostprocessing = 0;
		};
/* End PBXResourcesBuildPhase section */

/* Begin PBXShellScriptBuildPhase section */
		8CDB541DD3FFBABE6ED69BC5 /* [CP] Embed Pods Frameworks */ = {
			isa = PBXShellScriptBuildPhase;
			buildActionMask = 2147483647;
			files = (
			);
			inputPaths = (
				"${SRCROOT}/Pods/Target Support Files/Pods-groby/Pods-groby-frameworks.sh",
				"${BUILT_PRODUCTS_DIR}/Alamofire/Alamofire.framework",
				"${BUILT_PRODUCTS_DIR}/GoogleUtilities/GoogleUtilities.framework",
				"${BUILT_PRODUCTS_DIR}/Kingfisher/Kingfisher.framework",
				"${BUILT_PRODUCTS_DIR}/RichEditorView/RichEditorView.framework",
				"${BUILT_PRODUCTS_DIR}/SnapKit/SnapKit.framework",
				"${BUILT_PRODUCTS_DIR}/TLPhotoPicker/TLPhotoPicker.framework",
				"${BUILT_PRODUCTS_DIR}/nanopb/nanopb.framework",
			);
			name = "[CP] Embed Pods Frameworks";
			outputPaths = (
				"${TARGET_BUILD_DIR}/${FRAMEWORKS_FOLDER_PATH}/Alamofire.framework",
				"${TARGET_BUILD_DIR}/${FRAMEWORKS_FOLDER_PATH}/GoogleUtilities.framework",
				"${TARGET_BUILD_DIR}/${FRAMEWORKS_FOLDER_PATH}/Kingfisher.framework",
				"${TARGET_BUILD_DIR}/${FRAMEWORKS_FOLDER_PATH}/RichEditorView.framework",
				"${TARGET_BUILD_DIR}/${FRAMEWORKS_FOLDER_PATH}/SnapKit.framework",
				"${TARGET_BUILD_DIR}/${FRAMEWORKS_FOLDER_PATH}/TLPhotoPicker.framework",
				"${TARGET_BUILD_DIR}/${FRAMEWORKS_FOLDER_PATH}/nanopb.framework",
			);
			runOnlyForDeploymentPostprocessing = 0;
			shellPath = /bin/sh;
			shellScript = "\"${SRCROOT}/Pods/Target Support Files/Pods-groby/Pods-groby-frameworks.sh\"\n";
			showEnvVarsInLog = 0;
		};
		BF84C3D37D4173FE26830406 /* [CP] Check Pods Manifest.lock */ = {
			isa = PBXShellScriptBuildPhase;
			buildActionMask = 2147483647;
			files = (
			);
			inputPaths = (
				"${PODS_PODFILE_DIR_PATH}/Podfile.lock",
				"${PODS_ROOT}/Manifest.lock",
			);
			name = "[CP] Check Pods Manifest.lock";
			outputPaths = (
				"$(DERIVED_FILE_DIR)/Pods-groby-checkManifestLockResult.txt",
			);
			runOnlyForDeploymentPostprocessing = 0;
			shellPath = /bin/sh;
			shellScript = "diff \"${PODS_PODFILE_DIR_PATH}/Podfile.lock\" \"${PODS_ROOT}/Manifest.lock\" > /dev/null\nif [ $? != 0 ] ; then\n    # print error to STDERR\n    echo \"error: The sandbox is not in sync with the Podfile.lock. Run 'pod install' or update your CocoaPods installation.\" >&2\n    exit 1\nfi\n# This output is used by Xcode 'outputs' to avoid re-running this script phase.\necho \"SUCCESS\" > \"${SCRIPT_OUTPUT_FILE_0}\"\n";
			showEnvVarsInLog = 0;
		};
/* End PBXShellScriptBuildPhase section */

/* Begin PBXSourcesBuildPhase section */
		EFAAA9C4211486E50013F360 /* Sources */ = {
			isa = PBXSourcesBuildPhase;
			buildActionMask = 2147483647;
			files = (
				8382CAD8212803EC0051ECCE /* 비밀번호확인ViewController.swift in Sources */,
				AA9A1068211F4FD900B4A222 /* SearchViewController.swift in Sources */,
				8382CADE21280DD10051ECCE /* 내용작성ViewController.swift in Sources */,
				EFAAA9F02115488C0013F360 /* JoinSecondViewController.swift in Sources */,
				EF5E1D1721270AE6004A9A42 /* BankViewController.swift in Sources */,
				EFE7D362211F37A700C909FD /* MakeTab1FirstViewController.swift in Sources */,
				C2388E7D212446E40010AAD1 /* Post.swift in Sources */,
				8382CADA212804F70051ECCE /* 비밀번호변경ViewController.swift in Sources */,
				83A47E6E2127F185006B70EC /* MyPageTableViewController.swift in Sources */,
				C2388E7C212446E40010AAD1 /* MyPostTableViewController.swift in Sources */,
				AA9A1060211F390300B4A222 /* AlarmViewController.swift in Sources */,
				EF47694B211F6B6500561AD4 /* PHAssets+Extension.swift in Sources */,
				AA16A56E211DFC3200A1A4DD /* MenuViewController.swift in Sources */,
				AA16A57A211E0AEE00A1A4DD /* DummyTableViewCell.swift in Sources */,
				C2388E7E212446E40010AAD1 /* PostTableViewCell.swift in Sources */,
				EFAAA9EC2114978B0013F360 /* BlueButton.swift in Sources */,
				C24A4A232128021500406733 /* JoinedPostTableViewController.swift in Sources */,
				EFAAA9CE211486E50013F360 /* ViewController.swift in Sources */,
				EFAAA9EA211491E00013F360 /* LoginMainViewController.swift in Sources */,
				EFE7D36A211F48A900C909FD /* MakeTab1ThirdTableTableViewController.swift in Sources */,
				EFAAA9CC211486E50013F360 /* AppDelegate.swift in Sources */,
				EFE7D36C211F4DEA00C909FD /* MakeTab1FourthViewController.swift in Sources */,
				EFAAA9E221148B640013F360 /* UIColor+Styleguide.swift in Sources */,
				EFAAA9D4211486E50013F360 /* groby.xcdatamodeld in Sources */,
				AA9A1063211F416F00B4A222 /* AlarmViewCell.swift in Sources */,
				EF476949211F5F9000561AD4 /* NavigationItem+Extension.swift in Sources */,
				EFAAA9E821148E800013F360 /* LoginTextField.swift in Sources */,
				EFE7D368211F404000C909FD /* MakeTab1SecondViewController.swift in Sources */,
				EFE7D366211F3E3F00C909FD /* CategoryTableViewCell.swift in Sources */,
				EFAAA9EE211548800013F360 /* JoinFirstViewController.swift in Sources */,
				8382CAE021280FBD0051ECCE /* 미리보기ViewController.swift in Sources */,
				AA16A57C211E0B0200A1A4DD /* DummyCollectionViewCell.swift in Sources */,
			);
			runOnlyForDeploymentPostprocessing = 0;
		};
/* End PBXSourcesBuildPhase section */

/* Begin PBXVariantGroup section */
		EFAAA9CF211486E50013F360 /* Main.storyboard */ = {
			isa = PBXVariantGroup;
			children = (
				EFAAA9D0211486E50013F360 /* Base */,
			);
			name = Main.storyboard;
			sourceTree = "<group>";
		};
		EFAAA9D7211486E60013F360 /* LaunchScreen.storyboard */ = {
			isa = PBXVariantGroup;
			children = (
				EFAAA9D8211486E60013F360 /* Base */,
			);
			name = LaunchScreen.storyboard;
			sourceTree = "<group>";
		};
/* End PBXVariantGroup section */

/* Begin XCBuildConfiguration section */
		EFAAA9DB211486E60013F360 /* Debug */ = {
			isa = XCBuildConfiguration;
			buildSettings = {
				ALWAYS_SEARCH_USER_PATHS = NO;
				CLANG_ANALYZER_NONNULL = YES;
				CLANG_ANALYZER_NUMBER_OBJECT_CONVERSION = YES_AGGRESSIVE;
				CLANG_CXX_LANGUAGE_STANDARD = "gnu++14";
				CLANG_CXX_LIBRARY = "libc++";
				CLANG_ENABLE_MODULES = YES;
				CLANG_ENABLE_OBJC_ARC = YES;
				CLANG_ENABLE_OBJC_WEAK = YES;
				CLANG_WARN_BLOCK_CAPTURE_AUTORELEASING = YES;
				CLANG_WARN_BOOL_CONVERSION = YES;
				CLANG_WARN_COMMA = YES;
				CLANG_WARN_CONSTANT_CONVERSION = YES;
				CLANG_WARN_DEPRECATED_OBJC_IMPLEMENTATIONS = YES;
				CLANG_WARN_DIRECT_OBJC_ISA_USAGE = YES_ERROR;
				CLANG_WARN_DOCUMENTATION_COMMENTS = YES;
				CLANG_WARN_EMPTY_BODY = YES;
				CLANG_WARN_ENUM_CONVERSION = YES;
				CLANG_WARN_INFINITE_RECURSION = YES;
				CLANG_WARN_INT_CONVERSION = YES;
				CLANG_WARN_NON_LITERAL_NULL_CONVERSION = YES;
				CLANG_WARN_OBJC_IMPLICIT_RETAIN_SELF = YES;
				CLANG_WARN_OBJC_LITERAL_CONVERSION = YES;
				CLANG_WARN_OBJC_ROOT_CLASS = YES_ERROR;
				CLANG_WARN_RANGE_LOOP_ANALYSIS = YES;
				CLANG_WARN_STRICT_PROTOTYPES = YES;
				CLANG_WARN_SUSPICIOUS_MOVE = YES;
				CLANG_WARN_UNGUARDED_AVAILABILITY = YES_AGGRESSIVE;
				CLANG_WARN_UNREACHABLE_CODE = YES;
				CLANG_WARN__DUPLICATE_METHOD_MATCH = YES;
				CODE_SIGN_IDENTITY = "iPhone Developer";
				COPY_PHASE_STRIP = NO;
				DEBUG_INFORMATION_FORMAT = dwarf;
				ENABLE_STRICT_OBJC_MSGSEND = YES;
				ENABLE_TESTABILITY = YES;
				GCC_C_LANGUAGE_STANDARD = gnu11;
				GCC_DYNAMIC_NO_PIC = NO;
				GCC_NO_COMMON_BLOCKS = YES;
				GCC_OPTIMIZATION_LEVEL = 0;
				GCC_PREPROCESSOR_DEFINITIONS = (
					"DEBUG=1",
					"$(inherited)",
				);
				GCC_WARN_64_TO_32_BIT_CONVERSION = YES;
				GCC_WARN_ABOUT_RETURN_TYPE = YES_ERROR;
				GCC_WARN_UNDECLARED_SELECTOR = YES;
				GCC_WARN_UNINITIALIZED_AUTOS = YES_AGGRESSIVE;
				GCC_WARN_UNUSED_FUNCTION = YES;
				GCC_WARN_UNUSED_VARIABLE = YES;
				IPHONEOS_DEPLOYMENT_TARGET = 11.4;
				MTL_ENABLE_DEBUG_INFO = YES;
				ONLY_ACTIVE_ARCH = YES;
				SDKROOT = iphoneos;
				SWIFT_ACTIVE_COMPILATION_CONDITIONS = DEBUG;
				SWIFT_OPTIMIZATION_LEVEL = "-Onone";
			};
			name = Debug;
		};
		EFAAA9DC211486E60013F360 /* Release */ = {
			isa = XCBuildConfiguration;
			buildSettings = {
				ALWAYS_SEARCH_USER_PATHS = NO;
				CLANG_ANALYZER_NONNULL = YES;
				CLANG_ANALYZER_NUMBER_OBJECT_CONVERSION = YES_AGGRESSIVE;
				CLANG_CXX_LANGUAGE_STANDARD = "gnu++14";
				CLANG_CXX_LIBRARY = "libc++";
				CLANG_ENABLE_MODULES = YES;
				CLANG_ENABLE_OBJC_ARC = YES;
				CLANG_ENABLE_OBJC_WEAK = YES;
				CLANG_WARN_BLOCK_CAPTURE_AUTORELEASING = YES;
				CLANG_WARN_BOOL_CONVERSION = YES;
				CLANG_WARN_COMMA = YES;
				CLANG_WARN_CONSTANT_CONVERSION = YES;
				CLANG_WARN_DEPRECATED_OBJC_IMPLEMENTATIONS = YES;
				CLANG_WARN_DIRECT_OBJC_ISA_USAGE = YES_ERROR;
				CLANG_WARN_DOCUMENTATION_COMMENTS = YES;
				CLANG_WARN_EMPTY_BODY = YES;
				CLANG_WARN_ENUM_CONVERSION = YES;
				CLANG_WARN_INFINITE_RECURSION = YES;
				CLANG_WARN_INT_CONVERSION = YES;
				CLANG_WARN_NON_LITERAL_NULL_CONVERSION = YES;
				CLANG_WARN_OBJC_IMPLICIT_RETAIN_SELF = YES;
				CLANG_WARN_OBJC_LITERAL_CONVERSION = YES;
				CLANG_WARN_OBJC_ROOT_CLASS = YES_ERROR;
				CLANG_WARN_RANGE_LOOP_ANALYSIS = YES;
				CLANG_WARN_STRICT_PROTOTYPES = YES;
				CLANG_WARN_SUSPICIOUS_MOVE = YES;
				CLANG_WARN_UNGUARDED_AVAILABILITY = YES_AGGRESSIVE;
				CLANG_WARN_UNREACHABLE_CODE = YES;
				CLANG_WARN__DUPLICATE_METHOD_MATCH = YES;
				CODE_SIGN_IDENTITY = "iPhone Developer";
				COPY_PHASE_STRIP = NO;
				DEBUG_INFORMATION_FORMAT = "dwarf-with-dsym";
				ENABLE_NS_ASSERTIONS = NO;
				ENABLE_STRICT_OBJC_MSGSEND = YES;
				GCC_C_LANGUAGE_STANDARD = gnu11;
				GCC_NO_COMMON_BLOCKS = YES;
				GCC_WARN_64_TO_32_BIT_CONVERSION = YES;
				GCC_WARN_ABOUT_RETURN_TYPE = YES_ERROR;
				GCC_WARN_UNDECLARED_SELECTOR = YES;
				GCC_WARN_UNINITIALIZED_AUTOS = YES_AGGRESSIVE;
				GCC_WARN_UNUSED_FUNCTION = YES;
				GCC_WARN_UNUSED_VARIABLE = YES;
				IPHONEOS_DEPLOYMENT_TARGET = 11.4;
				MTL_ENABLE_DEBUG_INFO = NO;
				SDKROOT = iphoneos;
				SWIFT_COMPILATION_MODE = wholemodule;
				SWIFT_OPTIMIZATION_LEVEL = "-O";
				VALIDATE_PRODUCT = YES;
			};
			name = Release;
		};
		EFAAA9DE211486E60013F360 /* Debug */ = {
			isa = XCBuildConfiguration;
			baseConfigurationReference = DEE1F800EAECA1E69758F16F /* Pods-groby.debug.xcconfig */;
			buildSettings = {
				ASSETCATALOG_COMPILER_APPICON_NAME = AppIcon;
				CLANG_ENABLE_MODULES = YES;
				CODE_SIGN_STYLE = Automatic;
				DEVELOPMENT_TEAM = TA757FA6NR;
				INFOPLIST_FILE = groby/Info.plist;
				IPHONEOS_DEPLOYMENT_TARGET = 11.0;
				LD_RUNPATH_SEARCH_PATHS = (
					"$(inherited)",
					"@executable_path/Frameworks",
				);
				PRODUCT_BUNDLE_IDENTIFIER = kr.co.mashup.groby;
				PRODUCT_NAME = "$(TARGET_NAME)";
				SWIFT_OPTIMIZATION_LEVEL = "-Onone";
				SWIFT_VERSION = 4.0;
				TARGETED_DEVICE_FAMILY = 1;
			};
			name = Debug;
		};
		EFAAA9DF211486E60013F360 /* Release */ = {
			isa = XCBuildConfiguration;
			baseConfigurationReference = DC3D5B3B9BC0FF54D2894DA3 /* Pods-groby.release.xcconfig */;
			buildSettings = {
				ASSETCATALOG_COMPILER_APPICON_NAME = AppIcon;
				CLANG_ENABLE_MODULES = YES;
				CODE_SIGN_STYLE = Automatic;
				DEVELOPMENT_TEAM = TA757FA6NR;
				INFOPLIST_FILE = groby/Info.plist;
				IPHONEOS_DEPLOYMENT_TARGET = 11.0;
				LD_RUNPATH_SEARCH_PATHS = (
					"$(inherited)",
					"@executable_path/Frameworks",
				);
				PRODUCT_BUNDLE_IDENTIFIER = kr.co.mashup.groby;
				PRODUCT_NAME = "$(TARGET_NAME)";
				SWIFT_VERSION = 4.0;
				TARGETED_DEVICE_FAMILY = 1;
			};
			name = Release;
		};
/* End XCBuildConfiguration section */

/* Begin XCConfigurationList section */
		EFAAA9C3211486E40013F360 /* Build configuration list for PBXProject "groby" */ = {
			isa = XCConfigurationList;
			buildConfigurations = (
				EFAAA9DB211486E60013F360 /* Debug */,
				EFAAA9DC211486E60013F360 /* Release */,
			);
			defaultConfigurationIsVisible = 0;
			defaultConfigurationName = Release;
		};
		EFAAA9DD211486E60013F360 /* Build configuration list for PBXNativeTarget "groby" */ = {
			isa = XCConfigurationList;
			buildConfigurations = (
				EFAAA9DE211486E60013F360 /* Debug */,
				EFAAA9DF211486E60013F360 /* Release */,
			);
			defaultConfigurationIsVisible = 0;
			defaultConfigurationName = Release;
		};
/* End XCConfigurationList section */

/* Begin XCVersionGroup section */
		EFAAA9D2211486E50013F360 /* groby.xcdatamodeld */ = {
			isa = XCVersionGroup;
			children = (
				EFAAA9D3211486E50013F360 /* groby.xcdatamodel */,
			);
			currentVersion = EFAAA9D3211486E50013F360 /* groby.xcdatamodel */;
			path = groby.xcdatamodeld;
			sourceTree = "<group>";
			versionGroupType = wrapper.xcdatamodel;
		};
/* End XCVersionGroup section */
	};
	rootObject = EFAAA9C0211486E40013F360 /* Project object */;
}
