// !$*UTF8*$!
{
	archiveVersion = 1;
	classes = {
	};
	objectVersion = 50;
	objects = {

/* Begin PBXBuildFile section */
		C249B79721149A6E00B20767 /* Post.swift in Sources */ = {isa = PBXBuildFile; fileRef = C249B79621149A6E00B20767 /* Post.swift */; };
		C29251FC211491D6001529EB /* MyPostTableViewCell.swift in Sources */ = {isa = PBXBuildFile; fileRef = C29251FB211491D6001529EB /* MyPostTableViewCell.swift */; };
		82C30FEB21148F6F000D70B4 /* MyPage.storyboard in Resources */ = {isa = PBXBuildFile; fileRef = 82C30FEA21148F6F000D70B4 /* MyPage.storyboard */; };
		EFAAA9CC211486E50013F360 /* AppDelegate.swift in Sources */ = {isa = PBXBuildFile; fileRef = EFAAA9CB211486E50013F360 /* AppDelegate.swift */; };
		EFAAA9CE211486E50013F360 /* MyPostTableViewController.swift in Sources */ = {isa = PBXBuildFile; fileRef = EFAAA9CD211486E50013F360 /* MyPostTableViewController.swift */; };
		EFAAA9D1211486E50013F360 /* Main.storyboard in Resources */ = {isa = PBXBuildFile; fileRef = EFAAA9CF211486E50013F360 /* Main.storyboard */; };
		EFAAA9D4211486E50013F360 /* groby.xcdatamodeld in Sources */ = {isa = PBXBuildFile; fileRef = EFAAA9D2211486E50013F360 /* groby.xcdatamodeld */; };
		EFAAA9D6211486E60013F360 /* Assets.xcassets in Resources */ = {isa = PBXBuildFile; fileRef = EFAAA9D5211486E60013F360 /* Assets.xcassets */; };
		EFAAA9D9211486E60013F360 /* LaunchScreen.storyboard in Resources */ = {isa = PBXBuildFile; fileRef = EFAAA9D7211486E60013F360 /* LaunchScreen.storyboard */; };
		EFAAA9E221148B640013F360 /* UIColor+Styleguide.swift in Sources */ = {isa = PBXBuildFile; fileRef = EFAAA9E121148B640013F360 /* UIColor+Styleguide.swift */; };
		EFAAA9E421148DC80013F360 /* Login.storyboard in Resources */ = {isa = PBXBuildFile; fileRef = EFAAA9E321148DC80013F360 /* Login.storyboard */; };
		EFAAA9E821148E800013F360 /* LoginTextField.swift in Sources */ = {isa = PBXBuildFile; fileRef = EFAAA9E721148E800013F360 /* LoginTextField.swift */; };
		EFAAA9EA211491E00013F360 /* LoginMainViewController.swift in Sources */ = {isa = PBXBuildFile; fileRef = EFAAA9E9211491E00013F360 /* LoginMainViewController.swift */; };
		EFAAA9EC2114978B0013F360 /* BlueButton.swift in Sources */ = {isa = PBXBuildFile; fileRef = EFAAA9EB2114978B0013F360 /* BlueButton.swift */; };
		EFAAA9EE211548800013F360 /* JoinFirstViewController.swift in Sources */ = {isa = PBXBuildFile; fileRef = EFAAA9ED211548800013F360 /* JoinFirstViewController.swift */; };
		EFAAA9F02115488C0013F360 /* JoinSecondViewController.swift in Sources */ = {isa = PBXBuildFile; fileRef = EFAAA9EF2115488C0013F360 /* JoinSecondViewController.swift */; };
/* End PBXBuildFile section */

/* Begin PBXFileReference section */
		C249B79621149A6E00B20767 /* Post.swift */ = {isa = PBXFileReference; lastKnownFileType = sourcecode.swift; path = Post.swift; sourceTree = "<group>"; };
		C29251FB211491D6001529EB /* MyPostTableViewCell.swift */ = {isa = PBXFileReference; lastKnownFileType = sourcecode.swift; path = MyPostTableViewCell.swift; sourceTree = "<group>"; };
		82C30FEA21148F6F000D70B4 /* MyPage.storyboard */ = {isa = PBXFileReference; lastKnownFileType = file.storyboard; path = MyPage.storyboard; sourceTree = "<group>"; };
		EFAAA9C8211486E50013F360 /* groby.app */ = {isa = PBXFileReference; explicitFileType = wrapper.application; includeInIndex = 0; path = groby.app; sourceTree = BUILT_PRODUCTS_DIR; };
		EFAAA9CB211486E50013F360 /* AppDelegate.swift */ = {isa = PBXFileReference; lastKnownFileType = sourcecode.swift; path = AppDelegate.swift; sourceTree = "<group>"; };
		EFAAA9CD211486E50013F360 /* MyPostTableViewController.swift */ = {isa = PBXFileReference; lastKnownFileType = sourcecode.swift; path = MyPostTableViewController.swift; sourceTree = "<group>"; };
		EFAAA9D0211486E50013F360 /* Base */ = {isa = PBXFileReference; lastKnownFileType = file.storyboard; name = Base; path = Base.lproj/Main.storyboard; sourceTree = "<group>"; };
		EFAAA9D3211486E50013F360 /* groby.xcdatamodel */ = {isa = PBXFileReference; lastKnownFileType = wrapper.xcdatamodel; path = groby.xcdatamodel; sourceTree = "<group>"; };
		EFAAA9D5211486E60013F360 /* Assets.xcassets */ = {isa = PBXFileReference; lastKnownFileType = folder.assetcatalog; path = Assets.xcassets; sourceTree = "<group>"; };
		EFAAA9D8211486E60013F360 /* Base */ = {isa = PBXFileReference; lastKnownFileType = file.storyboard; name = Base; path = Base.lproj/LaunchScreen.storyboard; sourceTree = "<group>"; };
		EFAAA9DA211486E60013F360 /* Info.plist */ = {isa = PBXFileReference; lastKnownFileType = text.plist.xml; path = Info.plist; sourceTree = "<group>"; };
		EFAAA9E121148B640013F360 /* UIColor+Styleguide.swift */ = {isa = PBXFileReference; lastKnownFileType = sourcecode.swift; path = "UIColor+Styleguide.swift"; sourceTree = "<group>"; };
		EFAAA9E321148DC80013F360 /* Login.storyboard */ = {isa = PBXFileReference; lastKnownFileType = file.storyboard; path = Login.storyboard; sourceTree = "<group>"; };
		EFAAA9E721148E800013F360 /* LoginTextField.swift */ = {isa = PBXFileReference; lastKnownFileType = sourcecode.swift; path = LoginTextField.swift; sourceTree = "<group>"; };
		EFAAA9E9211491E00013F360 /* LoginMainViewController.swift */ = {isa = PBXFileReference; lastKnownFileType = sourcecode.swift; path = LoginMainViewController.swift; sourceTree = "<group>"; };
		EFAAA9EB2114978B0013F360 /* BlueButton.swift */ = {isa = PBXFileReference; lastKnownFileType = sourcecode.swift; path = BlueButton.swift; sourceTree = "<group>"; };
		EFAAA9ED211548800013F360 /* JoinFirstViewController.swift */ = {isa = PBXFileReference; lastKnownFileType = sourcecode.swift; path = JoinFirstViewController.swift; sourceTree = "<group>"; };
		EFAAA9EF2115488C0013F360 /* JoinSecondViewController.swift */ = {isa = PBXFileReference; lastKnownFileType = sourcecode.swift; path = JoinSecondViewController.swift; sourceTree = "<group>"; };
/* End PBXFileReference section */

/* Begin PBXFrameworksBuildPhase section */
		EFAAA9C5211486E50013F360 /* Frameworks */ = {
			isa = PBXFrameworksBuildPhase;
			buildActionMask = 2147483647;
			files = (
			);
			runOnlyForDeploymentPostprocessing = 0;
		};
/* End PBXFrameworksBuildPhase section */

/* Begin PBXGroup section */
		C249B79521149A2A00B20767 /* Model */ = {
			isa = PBXGroup;
			children = (
				C249B79621149A6E00B20767 /* Post.swift */,
			);
			name = Model;
			sourceTree = "<group>";
		};
		EFAAA9BF211486E40013F360 = {
			isa = PBXGroup;
			children = (
				EFAAA9CA211486E50013F360 /* groby */,
				EFAAA9C9211486E50013F360 /* Products */,
			);
			sourceTree = "<group>";
		};
		EFAAA9C9211486E50013F360 /* Products */ = {
			isa = PBXGroup;
			children = (
				EFAAA9C8211486E50013F360 /* groby.app */,
			);
			name = Products;
			sourceTree = "<group>";
		};
		EFAAA9CA211486E50013F360 /* groby */ = {
			isa = PBXGroup;
			children = (
				C249B79521149A2A00B20767 /* Model */,
				EFAAA9E621148E080013F360 /* Support */,
				EFAAA9E521148DF00013F360 /* Login */,
				EFAAA9E021148B430013F360 /* Extensions */,
				EFAAA9CB211486E50013F360 /* AppDelegate.swift */,
				EFAAA9CD211486E50013F360 /* MyPostTableViewController.swift */,
				C29251FB211491D6001529EB /* MyPostTableViewCell.swift */,
				EFAAA9CF211486E50013F360 /* Main.storyboard */,
				82C30FEA21148F6F000D70B4 /* MyPage.storyboard */,
				EFAAA9D5211486E60013F360 /* Assets.xcassets */,
				EFAAA9D7211486E60013F360 /* LaunchScreen.storyboard */,
				EFAAA9DA211486E60013F360 /* Info.plist */,
				EFAAA9D2211486E50013F360 /* groby.xcdatamodeld */,
			);
			path = groby;
			sourceTree = "<group>";
		};
		EFAAA9E021148B430013F360 /* Extensions */ = {
			isa = PBXGroup;
			children = (
				EFAAA9E121148B640013F360 /* UIColor+Styleguide.swift */,
			);
			name = Extensions;
			sourceTree = "<group>";
		};
		EFAAA9E521148DF00013F360 /* Login */ = {
			isa = PBXGroup;
			children = (
				EFAAA9E321148DC80013F360 /* Login.storyboard */,
				EFAAA9E9211491E00013F360 /* LoginMainViewController.swift */,
				EFAAA9ED211548800013F360 /* JoinFirstViewController.swift */,
				EFAAA9EF2115488C0013F360 /* JoinSecondViewController.swift */,
				EFAAA9E721148E800013F360 /* LoginTextField.swift */,
				EFAAA9EB2114978B0013F360 /* BlueButton.swift */,
			);
			name = Login;
			sourceTree = "<group>";
		};
		EFAAA9E621148E080013F360 /* Support */ = {
			isa = PBXGroup;
			children = (
				EFAAA9D7211486E60013F360 /* LaunchScreen.storyboard */,
				EFAAA9D5211486E60013F360 /* Assets.xcassets */,
				EFAAA9DA211486E60013F360 /* Info.plist */,
				EFAAA9D2211486E50013F360 /* groby.xcdatamodeld */,
			);
			name = Support;
			sourceTree = "<group>";
		};
/* End PBXGroup section */

/* Begin PBXNativeTarget section */
		EFAAA9C7211486E50013F360 /* groby */ = {
			isa = PBXNativeTarget;
			buildConfigurationList = EFAAA9DD211486E60013F360 /* Build configuration list for PBXNativeTarget "groby" */;
			buildPhases = (
				EFAAA9C4211486E50013F360 /* Sources */,
				EFAAA9C5211486E50013F360 /* Frameworks */,
				EFAAA9C6211486E50013F360 /* Resources */,
			);
			buildRules = (
			);
			dependencies = (
			);
			name = groby;
			productName = groby;
			productReference = EFAAA9C8211486E50013F360 /* groby.app */;
			productType = "com.apple.product-type.application";
		};
/* End PBXNativeTarget section */

/* Begin PBXProject section */
		EFAAA9C0211486E40013F360 /* Project object */ = {
			isa = PBXProject;
			attributes = {
				LastSwiftUpdateCheck = 0940;
				LastUpgradeCheck = 0940;
				ORGANIZATIONNAME = mashup;
				TargetAttributes = {
					EFAAA9C7211486E50013F360 = {
						CreatedOnToolsVersion = 9.4.1;
					};
				};
			};
			buildConfigurationList = EFAAA9C3211486E40013F360 /* Build configuration list for PBXProject "groby" */;
			compatibilityVersion = "Xcode 9.3";
			developmentRegion = en;
			hasScannedForEncodings = 0;
			knownRegions = (
				en,
				Base,
			);
			mainGroup = EFAAA9BF211486E40013F360;
			productRefGroup = EFAAA9C9211486E50013F360 /* Products */;
			projectDirPath = "";
			projectRoot = "";
			targets = (
				EFAAA9C7211486E50013F360 /* groby */,
			);
		};
/* End PBXProject section */

/* Begin PBXResourcesBuildPhase section */
		EFAAA9C6211486E50013F360 /* Resources */ = {
			isa = PBXResourcesBuildPhase;
			buildActionMask = 2147483647;
			files = (
				EFAAA9E421148DC80013F360 /* Login.storyboard in Resources */,
				EFAAA9D9211486E60013F360 /* LaunchScreen.storyboard in Resources */,
				EFAAA9D6211486E60013F360 /* Assets.xcassets in Resources */,
				EFAAA9D1211486E50013F360 /* Main.storyboard in Resources */,
				82C30FEB21148F6F000D70B4 /* MyPage.storyboard in Resources */,
			);
			runOnlyForDeploymentPostprocessing = 0;
		};
/* End PBXResourcesBuildPhase section */

/* Begin PBXSourcesBuildPhase section */
		EFAAA9C4211486E50013F360 /* Sources */ = {
			isa = PBXSourcesBuildPhase;
			buildActionMask = 2147483647;
			files = (
				EFAAA9CE211486E50013F360 /* MyPostTableViewController.swift in Sources */,
				EFAAA9F02115488C0013F360 /* JoinSecondViewController.swift in Sources */,
				EFAAA9EC2114978B0013F360 /* BlueButton.swift in Sources */,
				EFAAA9CE211486E50013F360 /* ViewController.swift in Sources */,
				EFAAA9EA211491E00013F360 /* LoginMainViewController.swift in Sources */,
				EFAAA9CC211486E50013F360 /* AppDelegate.swift in Sources */,
				EFAAA9E221148B640013F360 /* UIColor+Styleguide.swift in Sources */,
				C249B79721149A6E00B20767 /* Post.swift in Sources */,
				EFAAA9D4211486E50013F360 /* groby.xcdatamodeld in Sources */,
				C29251FC211491D6001529EB /* MyPostTableViewCell.swift in Sources */,
				EFAAA9E821148E800013F360 /* LoginTextField.swift in Sources */,
				EFAAA9EE211548800013F360 /* JoinFirstViewController.swift in Sources */,
			);
			runOnlyForDeploymentPostprocessing = 0;
		};
/* End PBXSourcesBuildPhase section */

/* Begin PBXVariantGroup section */
		EFAAA9CF211486E50013F360 /* Main.storyboard */ = {
			isa = PBXVariantGroup;
			children = (
				EFAAA9D0211486E50013F360 /* Base */,
			);
			name = Main.storyboard;
			sourceTree = "<group>";
		};
		EFAAA9D7211486E60013F360 /* LaunchScreen.storyboard */ = {
			isa = PBXVariantGroup;
			children = (
				EFAAA9D8211486E60013F360 /* Base */,
			);
			name = LaunchScreen.storyboard;
			sourceTree = "<group>";
		};
/* End PBXVariantGroup section */

/* Begin XCBuildConfiguration section */
		EFAAA9DB211486E60013F360 /* Debug */ = {
			isa = XCBuildConfiguration;
			buildSettings = {
				ALWAYS_SEARCH_USER_PATHS = NO;
				CLANG_ANALYZER_NONNULL = YES;
				CLANG_ANALYZER_NUMBER_OBJECT_CONVERSION = YES_AGGRESSIVE;
				CLANG_CXX_LANGUAGE_STANDARD = "gnu++14";
				CLANG_CXX_LIBRARY = "libc++";
				CLANG_ENABLE_MODULES = YES;
				CLANG_ENABLE_OBJC_ARC = YES;
				CLANG_ENABLE_OBJC_WEAK = YES;
				CLANG_WARN_BLOCK_CAPTURE_AUTORELEASING = YES;
				CLANG_WARN_BOOL_CONVERSION = YES;
				CLANG_WARN_COMMA = YES;
				CLANG_WARN_CONSTANT_CONVERSION = YES;
				CLANG_WARN_DEPRECATED_OBJC_IMPLEMENTATIONS = YES;
				CLANG_WARN_DIRECT_OBJC_ISA_USAGE = YES_ERROR;
				CLANG_WARN_DOCUMENTATION_COMMENTS = YES;
				CLANG_WARN_EMPTY_BODY = YES;
				CLANG_WARN_ENUM_CONVERSION = YES;
				CLANG_WARN_INFINITE_RECURSION = YES;
				CLANG_WARN_INT_CONVERSION = YES;
				CLANG_WARN_NON_LITERAL_NULL_CONVERSION = YES;
				CLANG_WARN_OBJC_IMPLICIT_RETAIN_SELF = YES;
				CLANG_WARN_OBJC_LITERAL_CONVERSION = YES;
				CLANG_WARN_OBJC_ROOT_CLASS = YES_ERROR;
				CLANG_WARN_RANGE_LOOP_ANALYSIS = YES;
				CLANG_WARN_STRICT_PROTOTYPES = YES;
				CLANG_WARN_SUSPICIOUS_MOVE = YES;
				CLANG_WARN_UNGUARDED_AVAILABILITY = YES_AGGRESSIVE;
				CLANG_WARN_UNREACHABLE_CODE = YES;
				CLANG_WARN__DUPLICATE_METHOD_MATCH = YES;
				CODE_SIGN_IDENTITY = "iPhone Developer";
				COPY_PHASE_STRIP = NO;
				DEBUG_INFORMATION_FORMAT = dwarf;
				ENABLE_STRICT_OBJC_MSGSEND = YES;
				ENABLE_TESTABILITY = YES;
				GCC_C_LANGUAGE_STANDARD = gnu11;
				GCC_DYNAMIC_NO_PIC = NO;
				GCC_NO_COMMON_BLOCKS = YES;
				GCC_OPTIMIZATION_LEVEL = 0;
				GCC_PREPROCESSOR_DEFINITIONS = (
					"DEBUG=1",
					"$(inherited)",
				);
				GCC_WARN_64_TO_32_BIT_CONVERSION = YES;
				GCC_WARN_ABOUT_RETURN_TYPE = YES_ERROR;
				GCC_WARN_UNDECLARED_SELECTOR = YES;
				GCC_WARN_UNINITIALIZED_AUTOS = YES_AGGRESSIVE;
				GCC_WARN_UNUSED_FUNCTION = YES;
				GCC_WARN_UNUSED_VARIABLE = YES;
				IPHONEOS_DEPLOYMENT_TARGET = 11.4;
				MTL_ENABLE_DEBUG_INFO = YES;
				ONLY_ACTIVE_ARCH = YES;
				SDKROOT = iphoneos;
				SWIFT_ACTIVE_COMPILATION_CONDITIONS = DEBUG;
				SWIFT_OPTIMIZATION_LEVEL = "-Onone";
			};
			name = Debug;
		};
		EFAAA9DC211486E60013F360 /* Release */ = {
			isa = XCBuildConfiguration;
			buildSettings = {
				ALWAYS_SEARCH_USER_PATHS = NO;
				CLANG_ANALYZER_NONNULL = YES;
				CLANG_ANALYZER_NUMBER_OBJECT_CONVERSION = YES_AGGRESSIVE;
				CLANG_CXX_LANGUAGE_STANDARD = "gnu++14";
				CLANG_CXX_LIBRARY = "libc++";
				CLANG_ENABLE_MODULES = YES;
				CLANG_ENABLE_OBJC_ARC = YES;
				CLANG_ENABLE_OBJC_WEAK = YES;
				CLANG_WARN_BLOCK_CAPTURE_AUTORELEASING = YES;
				CLANG_WARN_BOOL_CONVERSION = YES;
				CLANG_WARN_COMMA = YES;
				CLANG_WARN_CONSTANT_CONVERSION = YES;
				CLANG_WARN_DEPRECATED_OBJC_IMPLEMENTATIONS = YES;
				CLANG_WARN_DIRECT_OBJC_ISA_USAGE = YES_ERROR;
				CLANG_WARN_DOCUMENTATION_COMMENTS = YES;
				CLANG_WARN_EMPTY_BODY = YES;
				CLANG_WARN_ENUM_CONVERSION = YES;
				CLANG_WARN_INFINITE_RECURSION = YES;
				CLANG_WARN_INT_CONVERSION = YES;
				CLANG_WARN_NON_LITERAL_NULL_CONVERSION = YES;
				CLANG_WARN_OBJC_IMPLICIT_RETAIN_SELF = YES;
				CLANG_WARN_OBJC_LITERAL_CONVERSION = YES;
				CLANG_WARN_OBJC_ROOT_CLASS = YES_ERROR;
				CLANG_WARN_RANGE_LOOP_ANALYSIS = YES;
				CLANG_WARN_STRICT_PROTOTYPES = YES;
				CLANG_WARN_SUSPICIOUS_MOVE = YES;
				CLANG_WARN_UNGUARDED_AVAILABILITY = YES_AGGRESSIVE;
				CLANG_WARN_UNREACHABLE_CODE = YES;
				CLANG_WARN__DUPLICATE_METHOD_MATCH = YES;
				CODE_SIGN_IDENTITY = "iPhone Developer";
				COPY_PHASE_STRIP = NO;
				DEBUG_INFORMATION_FORMAT = "dwarf-with-dsym";
				ENABLE_NS_ASSERTIONS = NO;
				ENABLE_STRICT_OBJC_MSGSEND = YES;
				GCC_C_LANGUAGE_STANDARD = gnu11;
				GCC_NO_COMMON_BLOCKS = YES;
				GCC_WARN_64_TO_32_BIT_CONVERSION = YES;
				GCC_WARN_ABOUT_RETURN_TYPE = YES_ERROR;
				GCC_WARN_UNDECLARED_SELECTOR = YES;
				GCC_WARN_UNINITIALIZED_AUTOS = YES_AGGRESSIVE;
				GCC_WARN_UNUSED_FUNCTION = YES;
				GCC_WARN_UNUSED_VARIABLE = YES;
				IPHONEOS_DEPLOYMENT_TARGET = 11.4;
				MTL_ENABLE_DEBUG_INFO = NO;
				SDKROOT = iphoneos;
				SWIFT_COMPILATION_MODE = wholemodule;
				SWIFT_OPTIMIZATION_LEVEL = "-O";
				VALIDATE_PRODUCT = YES;
			};
			name = Release;
		};
		EFAAA9DE211486E60013F360 /* Debug */ = {
			isa = XCBuildConfiguration;
			buildSettings = {
				ASSETCATALOG_COMPILER_APPICON_NAME = AppIcon;
				CODE_SIGN_STYLE = Automatic;
				DEVELOPMENT_TEAM = TA757FA6NR;
				INFOPLIST_FILE = groby/Info.plist;
				IPHONEOS_DEPLOYMENT_TARGET = 11.0;
				LD_RUNPATH_SEARCH_PATHS = (
					"$(inherited)",
					"@executable_path/Frameworks",
				);
				PRODUCT_BUNDLE_IDENTIFIER = kr.co.mashup.groby;
				PRODUCT_NAME = "$(TARGET_NAME)";
				SWIFT_VERSION = 4.0;
				TARGETED_DEVICE_FAMILY = 1;
			};
			name = Debug;
		};
		EFAAA9DF211486E60013F360 /* Release */ = {
			isa = XCBuildConfiguration;
			buildSettings = {
				ASSETCATALOG_COMPILER_APPICON_NAME = AppIcon;
				CODE_SIGN_STYLE = Automatic;
				DEVELOPMENT_TEAM = TA757FA6NR;
				INFOPLIST_FILE = groby/Info.plist;
				IPHONEOS_DEPLOYMENT_TARGET = 11.0;
				LD_RUNPATH_SEARCH_PATHS = (
					"$(inherited)",
					"@executable_path/Frameworks",
				);
				PRODUCT_BUNDLE_IDENTIFIER = kr.co.mashup.groby;
				PRODUCT_NAME = "$(TARGET_NAME)";
				SWIFT_VERSION = 4.0;
				TARGETED_DEVICE_FAMILY = 1;
			};
			name = Release;
		};
/* End XCBuildConfiguration section */

/* Begin XCConfigurationList section */
		EFAAA9C3211486E40013F360 /* Build configuration list for PBXProject "groby" */ = {
			isa = XCConfigurationList;
			buildConfigurations = (
				EFAAA9DB211486E60013F360 /* Debug */,
				EFAAA9DC211486E60013F360 /* Release */,
			);
			defaultConfigurationIsVisible = 0;
			defaultConfigurationName = Release;
		};
		EFAAA9DD211486E60013F360 /* Build configuration list for PBXNativeTarget "groby" */ = {
			isa = XCConfigurationList;
			buildConfigurations = (
				EFAAA9DE211486E60013F360 /* Debug */,
				EFAAA9DF211486E60013F360 /* Release */,
			);
			defaultConfigurationIsVisible = 0;
			defaultConfigurationName = Release;
		};
/* End XCConfigurationList section */

/* Begin XCVersionGroup section */
		EFAAA9D2211486E50013F360 /* groby.xcdatamodeld */ = {
			isa = XCVersionGroup;
			children = (
				EFAAA9D3211486E50013F360 /* groby.xcdatamodel */,
			);
			currentVersion = EFAAA9D3211486E50013F360 /* groby.xcdatamodel */;
			path = groby.xcdatamodeld;
			sourceTree = "<group>";
			versionGroupType = wrapper.xcdatamodel;
		};
/* End XCVersionGroup section */
	};
	rootObject = EFAAA9C0211486E40013F360 /* Project object */;
}
